
Microsoft Visual Studio Solution File, Format Version 12.00
# Visual Studio 2012
Project("{E24C65DC-7377-472B-9ABA-BC803B73C61A}") = "Bootstrap", ".", "{7358E97D-F414-4C15-929C-A8CA5EA06A4D}"
	ProjectSection(WebsiteProperties) = preProject
		TargetFrameworkMoniker = ".NETFramework,Version%3Dv4.0"
		Debug.AspNetCompiler.VirtualPath = "/Bootstrap"
		Debug.AspNetCompiler.PhysicalPath = "..\Bootstrap\"
		Debug.AspNetCompiler.TargetPath = "PrecompiledWeb\Bootstrap\"
		Debug.AspNetCompiler.Updateable = "true"
		Debug.AspNetCompiler.ForceOverwrite = "true"
		Debug.AspNetCompiler.FixedNames = "false"
		Debug.AspNetCompiler.Debug = "True"
		Release.AspNetCompiler.VirtualPath = "/Bootstrap"
		Release.AspNetCompiler.PhysicalPath = "..\Bootstrap\"
		Release.AspNetCompiler.TargetPath = "PrecompiledWeb\Bootstrap\"
		Release.AspNetCompiler.Updateable = "true"
		Release.AspNetCompiler.ForceOverwrite = "true"
		Release.AspNetCompiler.FixedNames = "false"
		Release.AspNetCompiler.Debug = "False"
		VWDPort = "49170"
	EndProjectSection
EndProject
Global
	GlobalSection(SolutionConfigurationPlatforms) = preSolution
		Debug|Any CPU = Debug|Any CPU
	EndGlobalSection
	GlobalSection(ProjectConfigurationPlatforms) = postSolution
		{7358E97D-F414-4C15-929C-A8CA5EA06A4D}.Debug|Any CPU.ActiveCfg = Debug|Any CPU
		{7358E97D-F414-4C15-929C-A8CA5EA06A4D}.Debug|Any CPU.Build.0 = Debug|Any CPU
	EndGlobalSection
	GlobalSection(SolutionProperties) = preSolution
		HideSolutionNode = FALSE
	EndGlobalSection
EndGlobal
